// !$*UTF8*$!
{
	archiveVersion = 1;
	classes = {
	};
	objectVersion = 56;
	objects = {

/* Begin PBXBuildFile section */
		B09ACEE92C70E0ED0080D396 /* AppDelegate.swift in Sources */ = {isa = PBXBuildFile; fileRef = B09ACEE82C70E0ED0080D396 /* AppDelegate.swift */; };
		B09ACEEB2C70E0ED0080D396 /* SceneDelegate.swift in Sources */ = {isa = PBXBuildFile; fileRef = B09ACEEA2C70E0ED0080D396 /* SceneDelegate.swift */; };
		B09ACEED2C70E0ED0080D396 /* ViewController.swift in Sources */ = {isa = PBXBuildFile; fileRef = B09ACEEC2C70E0ED0080D396 /* ViewController.swift */; };
		B09ACEF02C70E0ED0080D396 /* Base in Resources */ = {isa = PBXBuildFile; fileRef = B09ACEEF2C70E0ED0080D396 /* Base */; };
		B09ACEF22C70E0ED0080D396 /* Assets.xcassets in Resources */ = {isa = PBXBuildFile; fileRef = B09ACEF12C70E0ED0080D396 /* Assets.xcassets */; };
		B09ACEF52C70E0ED0080D396 /* Base in Resources */ = {isa = PBXBuildFile; fileRef = B09ACEF42C70E0ED0080D396 /* Base */; };
		B09ACF002C70E0ED0080D396 /* CounterTests.swift in Sources */ = {isa = PBXBuildFile; fileRef = B09ACEFF2C70E0ED0080D396 /* CounterTests.swift */; };
		B09ACF0A2C70E0EE0080D396 /* CounterUITests.swift in Sources */ = {isa = PBXBuildFile; fileRef = B09ACF092C70E0EE0080D396 /* CounterUITests.swift */; };
		B09ACF0C2C70E0EE0080D396 /* CounterUITestsLaunchTests.swift in Sources */ = {isa = PBXBuildFile; fileRef = B09ACF0B2C70E0EE0080D396 /* CounterUITestsLaunchTests.swift */; };
/* End PBXBuildFile section */

/* Begin PBXContainerItemProxy section */
		B09ACEFC2C70E0ED0080D396 /* PBXContainerItemProxy */ = {
			isa = PBXContainerItemProxy;
			containerPortal = B09ACEDD2C70E0ED0080D396 /* Project object */;
			proxyType = 1;
			remoteGlobalIDString = B09ACEE42C70E0ED0080D396;
			remoteInfo = Counter;
		};
		B09ACF062C70E0EE0080D396 /* PBXContainerItemProxy */ = {
			isa = PBXContainerItemProxy;
			containerPortal = B09ACEDD2C70E0ED0080D396 /* Project object */;
			proxyType = 1;
			remoteGlobalIDString = B09ACEE42C70E0ED0080D396;
			remoteInfo = Counter;
		};
/* End PBXContainerItemProxy section */

/* Begin PBXFileReference section */
		B09ACEE52C70E0ED0080D396 /* Counter.app */ = {isa = PBXFileReference; explicitFileType = wrapper.application; includeInIndex = 0; path = Counter.app; sourceTree = BUILT_PRODUCTS_DIR; };
		B09ACEE82C70E0ED0080D396 /* AppDelegate.swift */ = {isa = PBXFileReference; lastKnownFileType = sourcecode.swift; path = AppDelegate.swift; sourceTree = "<group>"; };
		B09ACEEA2C70E0ED0080D396 /* SceneDelegate.swift */ = {isa = PBXFileReference; lastKnownFileType = sourcecode.swift; path = SceneDelegate.swift; sourceTree = "<group>"; };
		B09ACEEC2C70E0ED0080D396 /* ViewController.swift */ = {isa = PBXFileReference; lastKnownFileType = sourcecode.swift; path = ViewController.swift; sourceTree = "<group>"; };
		B09ACEEF2C70E0ED0080D396 /* Base */ = {isa = PBXFileReference; lastKnownFileType = file.storyboard; name = Base; path = Base.lproj/Main.storyboard; sourceTree = "<group>"; };
		B09ACEF12C70E0ED0080D396 /* Assets.xcassets */ = {isa = PBXFileReference; lastKnownFileType = folder.assetcatalog; path = Assets.xcassets; sourceTree = "<group>"; };
		B09ACEF42C70E0ED0080D396 /* Base */ = {isa = PBXFileReference; lastKnownFileType = file.storyboard; name = Base; path = Base.lproj/LaunchScreen.storyboard; sourceTree = "<group>"; };
		B09ACEF62C70E0ED0080D396 /* Info.plist */ = {isa = PBXFileReference; lastKnownFileType = text.plist.xml; path = Info.plist; sourceTree = "<group>"; };
		B09ACEFB2C70E0ED0080D396 /* CounterTests.xctest */ = {isa = PBXFileReference; explicitFileType = wrapper.cfbundle; includeInIndex = 0; path = CounterTests.xctest; sourceTree = BUILT_PRODUCTS_DIR; };
		B09ACEFF2C70E0ED0080D396 /* CounterTests.swift */ = {isa = PBXFileReference; lastKnownFileType = sourcecode.swift; path = CounterTests.swift; sourceTree = "<group>"; };
		B09ACF052C70E0EE0080D396 /* CounterUITests.xctest */ = {isa = PBXFileReference; explicitFileType = wrapper.cfbundle; includeInIndex = 0; path = CounterUITests.xctest; sourceTree = BUILT_PRODUCTS_DIR; };
		B09ACF092C70E0EE0080D396 /* CounterUITests.swift */ = {isa = PBXFileReference; lastKnownFileType = sourcecode.swift; path = CounterUITests.swift; sourceTree = "<group>"; };
		B09ACF0B2C70E0EE0080D396 /* CounterUITestsLaunchTests.swift */ = {isa = PBXFileReference; lastKnownFileType = sourcecode.swift; path = CounterUITestsLaunchTests.swift; sourceTree = "<group>"; };
/* End PBXFileReference section */

/* Begin PBXFrameworksBuildPhase section */
		B09ACEE22C70E0ED0080D396 /* Frameworks */ = {
			isa = PBXFrameworksBuildPhase;
			buildActionMask = 2147483647;
			files = (
			);
			runOnlyForDeploymentPostprocessing = 0;
		};
		B09ACEF82C70E0ED0080D396 /* Frameworks */ = {
			isa = PBXFrameworksBuildPhase;
			buildActionMask = 2147483647;
			files = (
			);
			runOnlyForDeploymentPostprocessing = 0;
		};
		B09ACF022C70E0EE0080D396 /* Frameworks */ = {
			isa = PBXFrameworksBuildPhase;
			buildActionMask = 2147483647;
			files = (
			);
			runOnlyForDeploymentPostprocessing = 0;
		};
/* End PBXFrameworksBuildPhase section */

/* Begin PBXGroup section */
		B09ACEDC2C70E0ED0080D396 = {
			isa = PBXGroup;
			children = (
				B09ACEE72C70E0ED0080D396 /* Counter */,
				B09ACEFE2C70E0ED0080D396 /* CounterTests */,
				B09ACF082C70E0EE0080D396 /* CounterUITests */,
				B09ACEE62C70E0ED0080D396 /* Products */,
			);
			sourceTree = "<group>";
		};
		B09ACEE62C70E0ED0080D396 /* Products */ = {
			isa = PBXGroup;
			children = (
				B09ACEE52C70E0ED0080D396 /* Counter.app */,
				B09ACEFB2C70E0ED0080D396 /* CounterTests.xctest */,
				B09ACF052C70E0EE0080D396 /* CounterUITests.xctest */,
			);
			name = Products;
			sourceTree = "<group>";
		};
		B09ACEE72C70E0ED0080D396 /* Counter */ = {
			isa = PBXGroup;
			children = (
				B09ACEE82C70E0ED0080D396 /* AppDelegate.swift */,
				B09ACEEA2C70E0ED0080D396 /* SceneDelegate.swift */,
				B09ACEEC2C70E0ED0080D396 /* ViewController.swift */,
				B09ACEEE2C70E0ED0080D396 /* Main.storyboard */,
				B09ACEF12C70E0ED0080D396 /* Assets.xcassets */,
				B09ACEF32C70E0ED0080D396 /* LaunchScreen.storyboard */,
				B09ACEF62C70E0ED0080D396 /* Info.plist */,
			);
			path = Counter;
			sourceTree = "<group>";
		};
		B09ACEFE2C70E0ED0080D396 /* CounterTests */ = {
			isa = PBXGroup;
			children = (
				B09ACEFF2C70E0ED0080D396 /* CounterTests.swift */,
			);
			path = CounterTests;
			sourceTree = "<group>";
		};
		B09ACF082C70E0EE0080D396 /* CounterUITests */ = {
			isa = PBXGroup;
			children = (
				B09ACF092C70E0EE0080D396 /* CounterUITests.swift */,
				B09ACF0B2C70E0EE0080D396 /* CounterUITestsLaunchTests.swift */,
			);
			path = CounterUITests;
			sourceTree = "<group>";
		};
/* End PBXGroup section */

/* Begin PBXNativeTarget section */
		B09ACEE42C70E0ED0080D396 /* Counter */ = {
			isa = PBXNativeTarget;
			buildConfigurationList = B09ACF0F2C70E0EE0080D396 /* Build configuration list for PBXNativeTarget "Counter" */;
			buildPhases = (
				B09ACEE12C70E0ED0080D396 /* Sources */,
				B09ACEE22C70E0ED0080D396 /* Frameworks */,
				B09ACEE32C70E0ED0080D396 /* Resources */,
			);
			buildRules = (
			);
			dependencies = (
			);
			name = Counter;
			productName = Counter;
			productReference = B09ACEE52C70E0ED0080D396 /* Counter.app */;
			productType = "com.apple.product-type.application";
		};
		B09ACEFA2C70E0ED0080D396 /* CounterTests */ = {
			isa = PBXNativeTarget;
			buildConfigurationList = B09ACF122C70E0EE0080D396 /* Build configuration list for PBXNativeTarget "CounterTests" */;
			buildPhases = (
				B09ACEF72C70E0ED0080D396 /* Sources */,
				B09ACEF82C70E0ED0080D396 /* Frameworks */,
				B09ACEF92C70E0ED0080D396 /* Resources */,
			);
			buildRules = (
			);
			dependencies = (
				B09ACEFD2C70E0ED0080D396 /* PBXTargetDependency */,
			);
			name = CounterTests;
			productName = CounterTests;
			productReference = B09ACEFB2C70E0ED0080D396 /* CounterTests.xctest */;
			productType = "com.apple.product-type.bundle.unit-test";
		};
		B09ACF042C70E0EE0080D396 /* CounterUITests */ = {
			isa = PBXNativeTarget;
			buildConfigurationList = B09ACF152C70E0EE0080D396 /* Build configuration list for PBXNativeTarget "CounterUITests" */;
			buildPhases = (
				B09ACF012C70E0EE0080D396 /* Sources */,
				B09ACF022C70E0EE0080D396 /* Frameworks */,
				B09ACF032C70E0EE0080D396 /* Resources */,
			);
			buildRules = (
			);
			dependencies = (
				B09ACF072C70E0EE0080D396 /* PBXTargetDependency */,
			);
			name = CounterUITests;
			productName = CounterUITests;
			productReference = B09ACF052C70E0EE0080D396 /* CounterUITests.xctest */;
			productType = "com.apple.product-type.bundle.ui-testing";
		};
/* End PBXNativeTarget section */

/* Begin PBXProject section */
		B09ACEDD2C70E0ED0080D396 /* Project object */ = {
			isa = PBXProject;
			attributes = {
				BuildIndependentTargetsInParallel = 1;
				LastSwiftUpdateCheck = 1540;
				LastUpgradeCheck = 1540;
				TargetAttributes = {
					B09ACEE42C70E0ED0080D396 = {
						CreatedOnToolsVersion = 15.4;
					};
					B09ACEFA2C70E0ED0080D396 = {
						CreatedOnToolsVersion = 15.4;
						TestTargetID = B09ACEE42C70E0ED0080D396;
					};
					B09ACF042C70E0EE0080D396 = {
						CreatedOnToolsVersion = 15.4;
						TestTargetID = B09ACEE42C70E0ED0080D396;
					};
				};
			};
			buildConfigurationList = B09ACEE02C70E0ED0080D396 /* Build configuration list for PBXProject "Counter" */;
			compatibilityVersion = "Xcode 14.0";
			developmentRegion = en;
			hasScannedForEncodings = 0;
			knownRegions = (
				en,
				Base,
			);
			mainGroup = B09ACEDC2C70E0ED0080D396;
			productRefGroup = B09ACEE62C70E0ED0080D396 /* Products */;
			projectDirPath = "";
			projectRoot = "";
			targets = (
				B09ACEE42C70E0ED0080D396 /* Counter */,
				B09ACEFA2C70E0ED0080D396 /* CounterTests */,
				B09ACF042C70E0EE0080D396 /* CounterUITests */,
			);
		};
/* End PBXProject section */

/* Begin PBXResourcesBuildPhase section */
		B09ACEE32C70E0ED0080D396 /* Resources */ = {
			isa = PBXResourcesBuildPhase;
			buildActionMask = 2147483647;
			files = (
				B09ACEF22C70E0ED0080D396 /* Assets.xcassets in Resources */,
				B09ACEF52C70E0ED0080D396 /* Base in Resources */,
				B09ACEF02C70E0ED0080D396 /* Base in Resources */,
			);
			runOnlyForDeploymentPostprocessing = 0;
		};
		B09ACEF92C70E0ED0080D396 /* Resources */ = {
			isa = PBXResourcesBuildPhase;
			buildActionMask = 2147483647;
			files = (
			);
			runOnlyForDeploymentPostprocessing = 0;
		};
		B09ACF032C70E0EE0080D396 /* Resources */ = {
			isa = PBXResourcesBuildPhase;
			buildActionMask = 2147483647;
			files = (
			);
			runOnlyForDeploymentPostprocessing = 0;
		};
/* End PBXResourcesBuildPhase section */

/* Begin PBXSourcesBuildPhase section */
		B09ACEE12C70E0ED0080D396 /* Sources */ = {
			isa = PBXSourcesBuildPhase;
			buildActionMask = 2147483647;
			files = (
				B09ACEED2C70E0ED0080D396 /* ViewController.swift in Sources */,
				B09ACEE92C70E0ED0080D396 /* AppDelegate.swift in Sources */,
				B09ACEEB2C70E0ED0080D396 /* SceneDelegate.swift in Sources */,
			);
			runOnlyForDeploymentPostprocessing = 0;
		};
		B09ACEF72C70E0ED0080D396 /* Sources */ = {
			isa = PBXSourcesBuildPhase;
			buildActionMask = 2147483647;
			files = (
				B09ACF002C70E0ED0080D396 /* CounterTests.swift in Sources */,
			);
			runOnlyForDeploymentPostprocessing = 0;
		};
		B09ACF012C70E0EE0080D396 /* Sources */ = {
			isa = PBXSourcesBuildPhase;
			buildActionMask = 2147483647;
			files = (
				B09ACF0A2C70E0EE0080D396 /* CounterUITests.swift in Sources */,
				B09ACF0C2C70E0EE0080D396 /* CounterUITestsLaunchTests.swift in Sources */,
			);
			runOnlyForDeploymentPostprocessing = 0;
		};
/* End PBXSourcesBuildPhase section */

/* Begin PBXTargetDependency section */
		B09ACEFD2C70E0ED0080D396 /* PBXTargetDependency */ = {
			isa = PBXTargetDependency;
			target = B09ACEE42C70E0ED0080D396 /* Counter */;
			targetProxy = B09ACEFC2C70E0ED0080D396 /* PBXContainerItemProxy */;
		};
		B09ACF072C70E0EE0080D396 /* PBXTargetDependency */ = {
			isa = PBXTargetDependency;
			target = B09ACEE42C70E0ED0080D396 /* Counter */;
			targetProxy = B09ACF062C70E0EE0080D396 /* PBXContainerItemProxy */;
		};
/* End PBXTargetDependency section */

/* Begin PBXVariantGroup section */
		B09ACEEE2C70E0ED0080D396 /* Main.storyboard */ = {
			isa = PBXVariantGroup;
			children = (
				B09ACEEF2C70E0ED0080D396 /* Base */,
			);
			name = Main.storyboard;
			sourceTree = "<group>";
		};
		B09ACEF32C70E0ED0080D396 /* LaunchScreen.storyboard */ = {
			isa = PBXVariantGroup;
			children = (
				B09ACEF42C70E0ED0080D396 /* Base */,
			);
			name = LaunchScreen.storyboard;
			sourceTree = "<group>";
		};
/* End PBXVariantGroup section */

/* Begin XCBuildConfiguration section */
		B09ACF0D2C70E0EE0080D396 /* Debug */ = {
			isa = XCBuildConfiguration;
			buildSettings = {
				ALWAYS_SEARCH_USER_PATHS = NO;
				ASSETCATALOG_COMPILER_GENERATE_SWIFT_ASSET_SYMBOL_EXTENSIONS = YES;
				CLANG_ANALYZER_NONNULL = YES;
				CLANG_ANALYZER_NUMBER_OBJECT_CONVERSION = YES_AGGRESSIVE;
				CLANG_CXX_LANGUAGE_STANDARD = "gnu++20";
				CLANG_ENABLE_MODULES = YES;
				CLANG_ENABLE_OBJC_ARC = YES;
				CLANG_ENABLE_OBJC_WEAK = YES;
				CLANG_WARN_BLOCK_CAPTURE_AUTORELEASING = YES;
				CLANG_WARN_BOOL_CONVERSION = YES;
				CLANG_WARN_COMMA = YES;
				CLANG_WARN_CONSTANT_CONVERSION = YES;
				CLANG_WARN_DEPRECATED_OBJC_IMPLEMENTATIONS = YES;
				CLANG_WARN_DIRECT_OBJC_ISA_USAGE = YES_ERROR;
				CLANG_WARN_DOCUMENTATION_COMMENTS = YES;
				CLANG_WARN_EMPTY_BODY = YES;
				CLANG_WARN_ENUM_CONVERSION = YES;
				CLANG_WARN_INFINITE_RECURSION = YES;
				CLANG_WARN_INT_CONVERSION = YES;
				CLANG_WARN_NON_LITERAL_NULL_CONVERSION = YES;
				CLANG_WARN_OBJC_IMPLICIT_RETAIN_SELF = YES;
				CLANG_WARN_OBJC_LITERAL_CONVERSION = YES;
				CLANG_WARN_OBJC_ROOT_CLASS = YES_ERROR;
				CLANG_WARN_QUOTED_INCLUDE_IN_FRAMEWORK_HEADER = YES;
				CLANG_WARN_RANGE_LOOP_ANALYSIS = YES;
				CLANG_WARN_STRICT_PROTOTYPES = YES;
				CLANG_WARN_SUSPICIOUS_MOVE = YES;
				CLANG_WARN_UNGUARDED_AVAILABILITY = YES_AGGRESSIVE;
				CLANG_WARN_UNREACHABLE_CODE = YES;
				CLANG_WARN__DUPLICATE_METHOD_MATCH = YES;
				COPY_PHASE_STRIP = NO;
				DEBUG_INFORMATION_FORMAT = dwarf;
				ENABLE_STRICT_OBJC_MSGSEND = YES;
				ENABLE_TESTABILITY = YES;
				ENABLE_USER_SCRIPT_SANDBOXING = YES;
				GCC_C_LANGUAGE_STANDARD = gnu17;
				GCC_DYNAMIC_NO_PIC = NO;
				GCC_NO_COMMON_BLOCKS = YES;
				GCC_OPTIMIZATION_LEVEL = 0;
				GCC_PREPROCESSOR_DEFINITIONS = (
					"DEBUG=1",
					"$(inherited)",
				);
				GCC_WARN_64_TO_32_BIT_CONVERSION = YES;
				GCC_WARN_ABOUT_RETURN_TYPE = YES_ERROR;
				GCC_WARN_UNDECLARED_SELECTOR = YES;
				GCC_WARN_UNINITIALIZED_AUTOS = YES_AGGRESSIVE;
				GCC_WARN_UNUSED_FUNCTION = YES;
				GCC_WARN_UNUSED_VARIABLE = YES;
				IPHONEOS_DEPLOYMENT_TARGET = 17.5;
				LOCALIZATION_PREFERS_STRING_CATALOGS = YES;
				MTL_ENABLE_DEBUG_INFO = INCLUDE_SOURCE;
				MTL_FAST_MATH = YES;
				ONLY_ACTIVE_ARCH = YES;
				SDKROOT = iphoneos;
				SWIFT_ACTIVE_COMPILATION_CONDITIONS = "DEBUG $(inherited)";
				SWIFT_OPTIMIZATION_LEVEL = "-Onone";
			};
			name = Debug;
		};
		B09ACF0E2C70E0EE0080D396 /* Release */ = {
			isa = XCBuildConfiguration;
			buildSettings = {
				ALWAYS_SEARCH_USER_PATHS = NO;
				ASSETCATALOG_COMPILER_GENERATE_SWIFT_ASSET_SYMBOL_EXTENSIONS = YES;
				CLANG_ANALYZER_NONNULL = YES;
				CLANG_ANALYZER_NUMBER_OBJECT_CONVERSION = YES_AGGRESSIVE;
				CLANG_CXX_LANGUAGE_STANDARD = "gnu++20";
				CLANG_ENABLE_MODULES = YES;
				CLANG_ENABLE_OBJC_ARC = YES;
				CLANG_ENABLE_OBJC_WEAK = YES;
				CLANG_WARN_BLOCK_CAPTURE_AUTORELEASING = YES;
				CLANG_WARN_BOOL_CONVERSION = YES;
				CLANG_WARN_COMMA = YES;
				CLANG_WARN_CONSTANT_CONVERSION = YES;
				CLANG_WARN_DEPRECATED_OBJC_IMPLEMENTATIONS = YES;
				CLANG_WARN_DIRECT_OBJC_ISA_USAGE = YES_ERROR;
				CLANG_WARN_DOCUMENTATION_COMMENTS = YES;
				CLANG_WARN_EMPTY_BODY = YES;
				CLANG_WARN_ENUM_CONVERSION = YES;
				CLANG_WARN_INFINITE_RECURSION = YES;
				CLANG_WARN_INT_CONVERSION = YES;
				CLANG_WARN_NON_LITERAL_NULL_CONVERSION = YES;
				CLANG_WARN_OBJC_IMPLICIT_RETAIN_SELF = YES;
				CLANG_WARN_OBJC_LITERAL_CONVERSION = YES;
				CLANG_WARN_OBJC_ROOT_CLASS = YES_ERROR;
				CLANG_WARN_QUOTED_INCLUDE_IN_FRAMEWORK_HEADER = YES;
				CLANG_WARN_RANGE_LOOP_ANALYSIS = YES;
				CLANG_WARN_STRICT_PROTOTYPES = YES;
				CLANG_WARN_SUSPICIOUS_MOVE = YES;
				CLANG_WARN_UNGUARDED_AVAILABILITY = YES_AGGRESSIVE;
				CLANG_WARN_UNREACHABLE_CODE = YES;
				CLANG_WARN__DUPLICATE_METHOD_MATCH = YES;
				COPY_PHASE_STRIP = NO;
				DEBUG_INFORMATION_FORMAT = "dwarf-with-dsym";
				ENABLE_NS_ASSERTIONS = NO;
				ENABLE_STRICT_OBJC_MSGSEND = YES;
				ENABLE_USER_SCRIPT_SANDBOXING = YES;
				GCC_C_LANGUAGE_STANDARD = gnu17;
				GCC_NO_COMMON_BLOCKS = YES;
				GCC_WARN_64_TO_32_BIT_CONVERSION = YES;
				GCC_WARN_ABOUT_RETURN_TYPE = YES_ERROR;
				GCC_WARN_UNDECLARED_SELECTOR = YES;
				GCC_WARN_UNINITIALIZED_AUTOS = YES_AGGRESSIVE;
				GCC_WARN_UNUSED_FUNCTION = YES;
				GCC_WARN_UNUSED_VARIABLE = YES;
				IPHONEOS_DEPLOYMENT_TARGET = 17.5;
				LOCALIZATION_PREFERS_STRING_CATALOGS = YES;
				MTL_ENABLE_DEBUG_INFO = NO;
				MTL_FAST_MATH = YES;
				SDKROOT = iphoneos;
				SWIFT_COMPILATION_MODE = wholemodule;
				VALIDATE_PRODUCT = YES;
			};
			name = Release;
		};
		B09ACF102C70E0EE0080D396 /* Debug */ = {
			isa = XCBuildConfiguration;
			buildSettings = {
				ASSETCATALOG_COMPILER_APPICON_NAME = AppIcon;
				ASSETCATALOG_COMPILER_GLOBAL_ACCENT_COLOR_NAME = AccentColor;
				CODE_SIGN_STYLE = Automatic;
				CURRENT_PROJECT_VERSION = 1;
				DEVELOPMENT_TEAM = VMRL9D62DJ;
				GENERATE_INFOPLIST_FILE = YES;
				INFOPLIST_FILE = Counter/Info.plist;
				INFOPLIST_KEY_UIApplicationSupportsIndirectInputEvents = YES;
				INFOPLIST_KEY_UILaunchStoryboardName = LaunchScreen;
				INFOPLIST_KEY_UIMainStoryboardFile = Main;
				INFOPLIST_KEY_UISupportedInterfaceOrientations_iPad = "UIInterfaceOrientationPortrait UIInterfaceOrientationPortraitUpsideDown UIInterfaceOrientationLandscapeLeft UIInterfaceOrientationLandscapeRight";
				INFOPLIST_KEY_UISupportedInterfaceOrientations_iPhone = "UIInterfaceOrientationPortrait UIInterfaceOrientationLandscapeLeft UIInterfaceOrientationLandscapeRight";
				LD_RUNPATH_SEARCH_PATHS = (
					"$(inherited)",
					"@executable_path/Frameworks",
				);
				MARKETING_VERSION = 1.0;
				PRODUCT_BUNDLE_IDENTIFIER = Skyline.Counter;
				PRODUCT_NAME = "$(TARGET_NAME)";
				SWIFT_EMIT_LOC_STRINGS = YES;
				SWIFT_VERSION = 5.0;
				TARGETED_DEVICE_FAMILY = "1,2";
			};
			name = Debug;
		};
		B09ACF112C70E0EE0080D396 /* Release */ = {
			isa = XCBuildConfiguration;
			buildSettings = {
				ASSETCATALOG_COMPILER_APPICON_NAME = AppIcon;
				ASSETCATALOG_COMPILER_GLOBAL_ACCENT_COLOR_NAME = AccentColor;
				CODE_SIGN_STYLE = Automatic;
				CURRENT_PROJECT_VERSION = 1;
				DEVELOPMENT_TEAM = VMRL9D62DJ;
				GENERATE_INFOPLIST_FILE = YES;
				INFOPLIST_FILE = Counter/Info.plist;
				INFOPLIST_KEY_UIApplicationSupportsIndirectInputEvents = YES;
				INFOPLIST_KEY_UILaunchStoryboardName = LaunchScreen;
				INFOPLIST_KEY_UIMainStoryboardFile = Main;
				INFOPLIST_KEY_UISupportedInterfaceOrientations_iPad = "UIInterfaceOrientationPortrait UIInterfaceOrientationPortraitUpsideDown UIInterfaceOrientationLandscapeLeft UIInterfaceOrientationLandscapeRight";
				INFOPLIST_KEY_UISupportedInterfaceOrientations_iPhone = "UIInterfaceOrientationPortrait UIInterfaceOrientationLandscapeLeft UIInterfaceOrientationLandscapeRight";
				LD_RUNPATH_SEARCH_PATHS = (
					"$(inherited)",
					"@executable_path/Frameworks",
				);
				MARKETING_VERSION = 1.0;
				PRODUCT_BUNDLE_IDENTIFIER = Skyline.Counter;
				PRODUCT_NAME = "$(TARGET_NAME)";
				SWIFT_EMIT_LOC_STRINGS = YES;
				SWIFT_VERSION = 5.0;
				TARGETED_DEVICE_FAMILY = "1,2";
			};
			name = Release;
		};
		B09ACF132C70E0EE0080D396 /* Debug */ = {
			isa = XCBuildConfiguration;
			buildSettings = {
				ALWAYS_EMBED_SWIFT_STANDARD_LIBRARIES = YES;
				BUNDLE_LOADER = "$(TEST_HOST)";
				CODE_SIGN_STYLE = Automatic;
				CURRENT_PROJECT_VERSION = 1;
				DEVELOPMENT_TEAM = VMRL9D62DJ;
				GENERATE_INFOPLIST_FILE = YES;
				IPHONEOS_DEPLOYMENT_TARGET = 17.5;
				MARKETING_VERSION = 1.0;
				PRODUCT_BUNDLE_IDENTIFIER = Skyline.CounterTests;
				PRODUCT_NAME = "$(TARGET_NAME)";
				SWIFT_EMIT_LOC_STRINGS = NO;
				SWIFT_VERSION = 5.0;
				TARGETED_DEVICE_FAMILY = "1,2";
				TEST_HOST = "$(BUILT_PRODUCTS_DIR)/Counter.app/$(BUNDLE_EXECUTABLE_FOLDER_PATH)/Counter";
			};
			name = Debug;
		};
		B09ACF142C70E0EE0080D396 /* Release */ = {
			isa = XCBuildConfiguration;
			buildSettings = {
				ALWAYS_EMBED_SWIFT_STANDARD_LIBRARIES = YES;
				BUNDLE_LOADER = "$(TEST_HOST)";
				CODE_SIGN_STYLE = Automatic;
				CURRENT_PROJECT_VERSION = 1;
				DEVELOPMENT_TEAM = VMRL9D62DJ;
				GENERATE_INFOPLIST_FILE = YES;
				IPHONEOS_DEPLOYMENT_TARGET = 17.5;
				MARKETING_VERSION = 1.0;
				PRODUCT_BUNDLE_IDENTIFIER = Skyline.CounterTests;
				PRODUCT_NAME = "$(TARGET_NAME)";
				SWIFT_EMIT_LOC_STRINGS = NO;
				SWIFT_VERSION = 5.0;
				TARGETED_DEVICE_FAMILY = "1,2";
				TEST_HOST = "$(BUILT_PRODUCTS_DIR)/Counter.app/$(BUNDLE_EXECUTABLE_FOLDER_PATH)/Counter";
			};
			name = Release;
		};
		B09ACF162C70E0EE0080D396 /* Debug */ = {
			isa = XCBuildConfiguration;
			buildSettings = {
				ALWAYS_EMBED_SWIFT_STANDARD_LIBRARIES = YES;
				CODE_SIGN_STYLE = Automatic;
				CURRENT_PROJECT_VERSION = 1;
				DEVELOPMENT_TEAM = VMRL9D62DJ;
				GENERATE_INFOPLIST_FILE = YES;
				MARKETING_VERSION = 1.0;
				PRODUCT_BUNDLE_IDENTIFIER = Skyline.CounterUITests;
				PRODUCT_NAME = "$(TARGET_NAME)";
				SWIFT_EMIT_LOC_STRINGS = NO;
				SWIFT_VERSION = 5.0;
				TARGETED_DEVICE_FAMILY = "1,2";
				TEST_TARGET_NAME = Counter;
			};
			name = Debug;
		};
		B09ACF172C70E0EE0080D396 /* Release */ = {
			isa = XCBuildConfiguration;
			buildSettings = {
				ALWAYS_EMBED_SWIFT_STANDARD_LIBRARIES = YES;
				CODE_SIGN_STYLE = Automatic;
				CURRENT_PROJECT_VERSION = 1;
				DEVELOPMENT_TEAM = VMRL9D62DJ;
				GENERATE_INFOPLIST_FILE = YES;
				MARKETING_VERSION = 1.0;
				PRODUCT_BUNDLE_IDENTIFIER = Skyline.CounterUITests;
				PRODUCT_NAME = "$(TARGET_NAME)";
				SWIFT_EMIT_LOC_STRINGS = NO;
				SWIFT_VERSION = 5.0;
				TARGETED_DEVICE_FAMILY = "1,2";
				TEST_TARGET_NAME = Counter;
			};
			name = Release;
		};
/* End XCBuildConfiguration section */

/* Begin XCConfigurationList section */
		B09ACEE02C70E0ED0080D396 /* Build configuration list for PBXProject "Counter" */ = {
			isa = XCConfigurationList;
			buildConfigurations = (
				B09ACF0D2C70E0EE0080D396 /* Debug */,
				B09ACF0E2C70E0EE0080D396 /* Release */,
			);
			defaultConfigurationIsVisible = 0;
			defaultConfigurationName = Release;
		};
		B09ACF0F2C70E0EE0080D396 /* Build configuration list for PBXNativeTarget "Counter" */ = {
			isa = XCConfigurationList;
			buildConfigurations = (
				B09ACF102C70E0EE0080D396 /* Debug */,
				B09ACF112C70E0EE0080D396 /* Release */,
			);
			defaultConfigurationIsVisible = 0;
			defaultConfigurationName = Release;
		};
		B09ACF122C70E0EE0080D396 /* Build configuration list for PBXNativeTarget "CounterTests" */ = {
			isa = XCConfigurationList;
			buildConfigurations = (
				B09ACF132C70E0EE0080D396 /* Debug */,
				B09ACF142C70E0EE0080D396 /* Release */,
			);
			defaultConfigurationIsVisible = 0;
			defaultConfigurationName = Release;
		};
		B09ACF152C70E0EE0080D396 /* Build configuration list for PBXNativeTarget "CounterUITests" */ = {
			isa = XCConfigurationList;
			buildConfigurations = (
				B09ACF162C70E0EE0080D396 /* Debug */,
				B09ACF172C70E0EE0080D396 /* Release */,
			);
			defaultConfigurationIsVisible = 0;
			defaultConfigurationName = Release;
		};
/* End XCConfigurationList section */
	};
	rootObject = B09ACEDD2C70E0ED0080D396 /* Project object */;
}
